
Microsoft Visual Studio Solution File, Format Version 12.00
# Visual Studio Version 17
VisualStudioVersion = 17.9.34616.47
MinimumVisualStudioVersion = 10.0.40219.1
Project("{FAE04EC0-301F-11D3-BF4B-00C04F79EFBC}") = "MediatWithCQRS", "MediatWithCQRS.csproj", "{2A416B51-A4D0-4B54-AB8C-40873BE13237}"
EndProject
Global
	GlobalSection(SolutionConfigurationPlatforms) = preSolution
		Debug|Any CPU = Debug|Any CPU
		Release|Any CPU = Release|Any CPU
	EndGlobalSection
	GlobalSection(ProjectConfigurationPlatforms) = postSolution
		{2A416B51-A4D0-4B54-AB8C-40873BE13237}.Debug|Any CPU.ActiveCfg = Debug|Any CPU
		{2A416B51-A4D0-4B54-AB8C-40873BE13237}.Debug|Any CPU.Build.0 = Debug|Any CPU
		{2A416B51-A4D0-4B54-AB8C-40873BE13237}.Release|Any CPU.ActiveCfg = Release|Any CPU
		{2A416B51-A4D0-4B54-AB8C-40873BE13237}.Release|Any CPU.Build.0 = Release|Any CPU
	EndGlobalSection
	GlobalSection(SolutionProperties) = preSolution
		HideSolutionNode = FALSE
	EndGlobalSection
	GlobalSection(ExtensibilityGlobals) = postSolution
		SolutionGuid = {03FD066F-5F3C-4A71-BDE2-C3F0C5AA903C}
	EndGlobalSection
EndGlobal
